
Microsoft Visual Studio Solution File, Format Version 12.00
# Visual Studio Version 16
VisualStudioVersion = 16.0.30503.244
MinimumVisualStudioVersion = 10.0.40219.1
Project("{FAE04EC0-301F-11D3-BF4B-00C04F79EFBC}") = "CalculadoraCompras.Android", "CalculadoraCompras\CalculadoraCompras.Android\CalculadoraCompras.Android.csproj", "{773FB4ED-0123-4E3C-A60E-6ECDCDDD897E}"
EndProject
Project("{FAE04EC0-301F-11D3-BF4B-00C04F79EFBC}") = "CalculadoraCompras.iOS", "CalculadoraCompras\CalculadoraCompras.iOS\CalculadoraCompras.iOS.csproj", "{9C3E1783-24B4-44E6-AD20-DB756D694FB3}"
EndProject
Project("{FAE04EC0-301F-11D3-BF4B-00C04F79EFBC}") = "CalculadoraCompras", "CalculadoraCompras\CalculadoraCompras\CalculadoraCompras.csproj", "{CD8FF606-81B4-4A09-BC93-330A6D369360}"
EndProject
Global
	GlobalSection(SolutionConfigurationPlatforms) = preSolution
		Debug|Any CPU = Debug|Any CPU
		Debug|iPhone = Debug|iPhone
		Debug|iPhoneSimulator = Debug|iPhoneSimulator
		Release|Any CPU = Release|Any CPU
		Release|iPhone = Release|iPhone
		Release|iPhoneSimulator = Release|iPhoneSimulator
	EndGlobalSection
	GlobalSection(ProjectConfigurationPlatforms) = postSolution
		{773FB4ED-0123-4E3C-A60E-6ECDCDDD897E}.Debug|Any CPU.ActiveCfg = Debug|Any CPU
		{773FB4ED-0123-4E3C-A60E-6ECDCDDD897E}.Debug|Any CPU.Build.0 = Debug|Any CPU
		{773FB4ED-0123-4E3C-A60E-6ECDCDDD897E}.Debug|Any CPU.Deploy.0 = Debug|Any CPU
		{773FB4ED-0123-4E3C-A60E-6ECDCDDD897E}.Debug|iPhone.ActiveCfg = Debug|Any CPU
		{773FB4ED-0123-4E3C-A60E-6ECDCDDD897E}.Debug|iPhone.Build.0 = Debug|Any CPU
		{773FB4ED-0123-4E3C-A60E-6ECDCDDD897E}.Debug|iPhone.Deploy.0 = Debug|Any CPU
		{773FB4ED-0123-4E3C-A60E-6ECDCDDD897E}.Debug|iPhoneSimulator.ActiveCfg = Debug|Any CPU
		{773FB4ED-0123-4E3C-A60E-6ECDCDDD897E}.Debug|iPhoneSimulator.Build.0 = Debug|Any CPU
		{773FB4ED-0123-4E3C-A60E-6ECDCDDD897E}.Debug|iPhoneSimulator.Deploy.0 = Debug|Any CPU
		{773FB4ED-0123-4E3C-A60E-6ECDCDDD897E}.Release|Any CPU.ActiveCfg = Release|Any CPU
		{773FB4ED-0123-4E3C-A60E-6ECDCDDD897E}.Release|Any CPU.Build.0 = Release|Any CPU
		{773FB4ED-0123-4E3C-A60E-6ECDCDDD897E}.Release|Any CPU.Deploy.0 = Release|Any CPU
		{773FB4ED-0123-4E3C-A60E-6ECDCDDD897E}.Release|iPhone.ActiveCfg = Release|Any CPU
		{773FB4ED-0123-4E3C-A60E-6ECDCDDD897E}.Release|iPhone.Build.0 = Release|Any CPU
		{773FB4ED-0123-4E3C-A60E-6ECDCDDD897E}.Release|iPhone.Deploy.0 = Release|Any CPU
		{773FB4ED-0123-4E3C-A60E-6ECDCDDD897E}.Release|iPhoneSimulator.ActiveCfg = Release|Any CPU
		{773FB4ED-0123-4E3C-A60E-6ECDCDDD897E}.Release|iPhoneSimulator.Build.0 = Release|Any CPU
		{773FB4ED-0123-4E3C-A60E-6ECDCDDD897E}.Release|iPhoneSimulator.Deploy.0 = Release|Any CPU
		{9C3E1783-24B4-44E6-AD20-DB756D694FB3}.Debug|Any CPU.ActiveCfg = Debug|iPhone
		{9C3E1783-24B4-44E6-AD20-DB756D694FB3}.Debug|Any CPU.Build.0 = Debug|iPhone
		{9C3E1783-24B4-44E6-AD20-DB756D694FB3}.Debug|Any CPU.Deploy.0 = Debug|iPhone
		{9C3E1783-24B4-44E6-AD20-DB756D694FB3}.Debug|iPhone.ActiveCfg = Debug|iPhone
		{9C3E1783-24B4-44E6-AD20-DB756D694FB3}.Debug|iPhone.Build.0 = Debug|iPhone
		{9C3E1783-24B4-44E6-AD20-DB756D694FB3}.Debug|iPhone.Deploy.0 = Debug|iPhone
		{9C3E1783-24B4-44E6-AD20-DB756D694FB3}.Debug|iPhoneSimulator.ActiveCfg = Debug|iPhoneSimulator
		{9C3E1783-24B4-44E6-AD20-DB756D694FB3}.Debug|iPhoneSimulator.Build.0 = Debug|iPhoneSimulator
		{9C3E1783-24B4-44E6-AD20-DB756D694FB3}.Debug|iPhoneSimulator.Deploy.0 = Debug|iPhoneSimulator
		{9C3E1783-24B4-44E6-AD20-DB756D694FB3}.Release|Any CPU.ActiveCfg = Release|iPhoneSimulator
		{9C3E1783-24B4-44E6-AD20-DB756D694FB3}.Release|Any CPU.Build.0 = Release|iPhoneSimulator
		{9C3E1783-24B4-44E6-AD20-DB756D694FB3}.Release|Any CPU.Deploy.0 = Release|iPhoneSimulator
		{9C3E1783-24B4-44E6-AD20-DB756D694FB3}.Release|iPhone.ActiveCfg = Release|iPhone
		{9C3E1783-24B4-44E6-AD20-DB756D694FB3}.Release|iPhone.Build.0 = Release|iPhone
		{9C3E1783-24B4-44E6-AD20-DB756D694FB3}.Release|iPhone.Deploy.0 = Release|iPhone
		{9C3E1783-24B4-44E6-AD20-DB756D694FB3}.Release|iPhoneSimulator.ActiveCfg = Release|iPhoneSimulator
		{9C3E1783-24B4-44E6-AD20-DB756D694FB3}.Release|iPhoneSimulator.Build.0 = Release|iPhoneSimulator
		{9C3E1783-24B4-44E6-AD20-DB756D694FB3}.Release|iPhoneSimulator.Deploy.0 = Release|iPhoneSimulator
		{CD8FF606-81B4-4A09-BC93-330A6D369360}.Debug|Any CPU.ActiveCfg = Debug|Any CPU
		{CD8FF606-81B4-4A09-BC93-330A6D369360}.Debug|Any CPU.Build.0 = Debug|Any CPU
		{CD8FF606-81B4-4A09-BC93-330A6D369360}.Debug|Any CPU.Deploy.0 = Debug|Any CPU
		{CD8FF606-81B4-4A09-BC93-330A6D369360}.Debug|iPhone.ActiveCfg = Debug|Any CPU
		{CD8FF606-81B4-4A09-BC93-330A6D369360}.Debug|iPhone.Build.0 = Debug|Any CPU
		{CD8FF606-81B4-4A09-BC93-330A6D369360}.Debug|iPhone.Deploy.0 = Debug|Any CPU
		{CD8FF606-81B4-4A09-BC93-330A6D369360}.Debug|iPhoneSimulator.ActiveCfg = Debug|Any CPU
		{CD8FF606-81B4-4A09-BC93-330A6D369360}.Debug|iPhoneSimulator.Build.0 = Debug|Any CPU
		{CD8FF606-81B4-4A09-BC93-330A6D369360}.Debug|iPhoneSimulator.Deploy.0 = Debug|Any CPU
		{CD8FF606-81B4-4A09-BC93-330A6D369360}.Release|Any CPU.ActiveCfg = Release|Any CPU
		{CD8FF606-81B4-4A09-BC93-330A6D369360}.Release|Any CPU.Build.0 = Release|Any CPU
		{CD8FF606-81B4-4A09-BC93-330A6D369360}.Release|Any CPU.Deploy.0 = Release|Any CPU
		{CD8FF606-81B4-4A09-BC93-330A6D369360}.Release|iPhone.ActiveCfg = Release|Any CPU
		{CD8FF606-81B4-4A09-BC93-330A6D369360}.Release|iPhone.Build.0 = Release|Any CPU
		{CD8FF606-81B4-4A09-BC93-330A6D369360}.Release|iPhone.Deploy.0 = Release|Any CPU
		{CD8FF606-81B4-4A09-BC93-330A6D369360}.Release|iPhoneSimulator.ActiveCfg = Release|Any CPU
		{CD8FF606-81B4-4A09-BC93-330A6D369360}.Release|iPhoneSimulator.Build.0 = Release|Any CPU
		{CD8FF606-81B4-4A09-BC93-330A6D369360}.Release|iPhoneSimulator.Deploy.0 = Release|Any CPU
	EndGlobalSection
	GlobalSection(SolutionProperties) = preSolution
		HideSolutionNode = FALSE
	EndGlobalSection
	GlobalSection(ExtensibilityGlobals) = postSolution
		SolutionGuid = {C7669F27-E697-40A4-B4D0-62DA3D649B96}
	EndGlobalSection
EndGlobal
